
Microsoft Visual Studio Solution File, Format Version 12.00
# Visual Studio Version 16
VisualStudioVersion = 16.0.30907.101
MinimumVisualStudioVersion = 10.0.40219.1
Project("{FAE04EC0-301F-11D3-BF4B-00C04F79EFBC}") = "OdevDictonary", "OdevDictonary\OdevDictonary.csproj", "{460D9F5C-C69B-4A7B-8305-B83C232CE6CD}"
EndProject
Global
	GlobalSection(SolutionConfigurationPlatforms) = preSolution
		Debug|Any CPU = Debug|Any CPU
		Release|Any CPU = Release|Any CPU
	EndGlobalSection
	GlobalSection(ProjectConfigurationPlatforms) = postSolution
		{460D9F5C-C69B-4A7B-8305-B83C232CE6CD}.Debug|Any CPU.ActiveCfg = Debug|Any CPU
		{460D9F5C-C69B-4A7B-8305-B83C232CE6CD}.Debug|Any CPU.Build.0 = Debug|Any CPU
		{460D9F5C-C69B-4A7B-8305-B83C232CE6CD}.Release|Any CPU.ActiveCfg = Release|Any CPU
		{460D9F5C-C69B-4A7B-8305-B83C232CE6CD}.Release|Any CPU.Build.0 = Release|Any CPU
	EndGlobalSection
	GlobalSection(SolutionProperties) = preSolution
		HideSolutionNode = FALSE
	EndGlobalSection
	GlobalSection(ExtensibilityGlobals) = postSolution
		SolutionGuid = {4DD69D73-3697-4D62-AC14-988553A49C04}
	EndGlobalSection
EndGlobal
